// !$*UTF8*$!
{
	archiveVersion = 1;
	classes = {
	};
	objectVersion = 77;
	objects = {

/* Begin PBXContainerItemProxy section */
		8F56BDB32D6FAE2E00CB21FA /* PBXContainerItemProxy */ = {
			isa = PBXContainerItemProxy;
			containerPortal = 8F56BD9A2D6FAE2C00CB21FA /* Project object */;
			proxyType = 1;
			remoteGlobalIDString = 8F56BDA12D6FAE2C00CB21FA;
			remoteInfo = KeyLocker;
		};
		8F56BDBD2D6FAE2E00CB21FA /* PBXContainerItemProxy */ = {
			isa = PBXContainerItemProxy;
			containerPortal = 8F56BD9A2D6FAE2C00CB21FA /* Project object */;
			proxyType = 1;
			remoteGlobalIDString = 8F56BDA12D6FAE2C00CB21FA;
			remoteInfo = KeyLocker;
		};
/* End PBXContainerItemProxy section */

/* Begin PBXFileReference section */
		8F56BDA22D6FAE2C00CB21FA /* KeyLocker.app */ = {isa = PBXFileReference; explicitFileType = wrapper.application; includeInIndex = 0; path = KeyLocker.app; sourceTree = BUILT_PRODUCTS_DIR; };
		8F56BDB22D6FAE2E00CB21FA /* KeyLockerTests.xctest */ = {isa = PBXFileReference; explicitFileType = wrapper.cfbundle; includeInIndex = 0; path = KeyLockerTests.xctest; sourceTree = BUILT_PRODUCTS_DIR; };
		8F56BDBC2D6FAE2E00CB21FA /* KeyLockerUITests.xctest */ = {isa = PBXFileReference; explicitFileType = wrapper.cfbundle; includeInIndex = 0; path = KeyLockerUITests.xctest; sourceTree = BUILT_PRODUCTS_DIR; };
/* End PBXFileReference section */

/* Begin PBXFileSystemSynchronizedRootGroup section */
		8F56BDA42D6FAE2C00CB21FA /* KeyLocker */ = {
			isa = PBXFileSystemSynchronizedRootGroup;
			path = KeyLocker;
			sourceTree = "<group>";
		};
		8F56BDB52D6FAE2E00CB21FA /* KeyLockerTests */ = {
			isa = PBXFileSystemSynchronizedRootGroup;
			path = KeyLockerTests;
			sourceTree = "<group>";
		};
		8F56BDBF2D6FAE2E00CB21FA /* KeyLockerUITests */ = {
			isa = PBXFileSystemSynchronizedRootGroup;
			path = KeyLockerUITests;
			sourceTree = "<group>";
		};
/* End PBXFileSystemSynchronizedRootGroup section */

/* Begin PBXFrameworksBuildPhase section */
		8F56BD9F2D6FAE2C00CB21FA /* Frameworks */ = {
			isa = PBXFrameworksBuildPhase;
			buildActionMask = 2147483647;
			files = (
			);
			runOnlyForDeploymentPostprocessing = 0;
		};
		8F56BDAF2D6FAE2E00CB21FA /* Frameworks */ = {
			isa = PBXFrameworksBuildPhase;
			buildActionMask = 2147483647;
			files = (
			);
			runOnlyForDeploymentPostprocessing = 0;
		};
		8F56BDB92D6FAE2E00CB21FA /* Frameworks */ = {
			isa = PBXFrameworksBuildPhase;
			buildActionMask = 2147483647;
			files = (
			);
			runOnlyForDeploymentPostprocessing = 0;
		};
/* End PBXFrameworksBuildPhase section */

/* Begin PBXGroup section */
		8F56BD992D6FAE2C00CB21FA = {
			isa = PBXGroup;
			children = (
				8F56BDA42D6FAE2C00CB21FA /* KeyLocker */,
				8F56BDB52D6FAE2E00CB21FA /* KeyLockerTests */,
				8F56BDBF2D6FAE2E00CB21FA /* KeyLockerUITests */,
				8F56BDA32D6FAE2C00CB21FA /* Products */,
			);
			sourceTree = "<group>";
		};
		8F56BDA32D6FAE2C00CB21FA /* Products */ = {
			isa = PBXGroup;
			children = (
				8F56BDA22D6FAE2C00CB21FA /* KeyLocker.app */,
				8F56BDB22D6FAE2E00CB21FA /* KeyLockerTests.xctest */,
				8F56BDBC2D6FAE2E00CB21FA /* KeyLockerUITests.xctest */,
			);
			name = Products;
			sourceTree = "<group>";
		};
/* End PBXGroup section */

/* Begin PBXNativeTarget section */
		8F56BDA12D6FAE2C00CB21FA /* KeyLocker */ = {
			isa = PBXNativeTarget;
			buildConfigurationList = 8F56BDC62D6FAE2E00CB21FA /* Build configuration list for PBXNativeTarget "KeyLocker" */;
			buildPhases = (
				8F56BD9E2D6FAE2C00CB21FA /* Sources */,
				8F56BD9F2D6FAE2C00CB21FA /* Frameworks */,
				8F56BDA02D6FAE2C00CB21FA /* Resources */,
			);
			buildRules = (
			);
			dependencies = (
			);
			fileSystemSynchronizedGroups = (
				8F56BDA42D6FAE2C00CB21FA /* KeyLocker */,
			);
			name = KeyLocker;
			packageProductDependencies = (
			);
			productName = KeyLocker;
			productReference = 8F56BDA22D6FAE2C00CB21FA /* KeyLocker.app */;
			productType = "com.apple.product-type.application";
		};
		8F56BDB12D6FAE2E00CB21FA /* KeyLockerTests */ = {
			isa = PBXNativeTarget;
			buildConfigurationList = 8F56BDC92D6FAE2E00CB21FA /* Build configuration list for PBXNativeTarget "KeyLockerTests" */;
			buildPhases = (
				8F56BDAE2D6FAE2E00CB21FA /* Sources */,
				8F56BDAF2D6FAE2E00CB21FA /* Frameworks */,
				8F56BDB02D6FAE2E00CB21FA /* Resources */,
			);
			buildRules = (
			);
			dependencies = (
				8F56BDB42D6FAE2E00CB21FA /* PBXTargetDependency */,
			);
			fileSystemSynchronizedGroups = (
				8F56BDB52D6FAE2E00CB21FA /* KeyLockerTests */,
			);
			name = KeyLockerTests;
			packageProductDependencies = (
			);
			productName = KeyLockerTests;
			productReference = 8F56BDB22D6FAE2E00CB21FA /* KeyLockerTests.xctest */;
			productType = "com.apple.product-type.bundle.unit-test";
		};
		8F56BDBB2D6FAE2E00CB21FA /* KeyLockerUITests */ = {
			isa = PBXNativeTarget;
			buildConfigurationList = 8F56BDCC2D6FAE2E00CB21FA /* Build configuration list for PBXNativeTarget "KeyLockerUITests" */;
			buildPhases = (
				8F56BDB82D6FAE2E00CB21FA /* Sources */,
				8F56BDB92D6FAE2E00CB21FA /* Frameworks */,
				8F56BDBA2D6FAE2E00CB21FA /* Resources */,
			);
			buildRules = (
			);
			dependencies = (
				8F56BDBE2D6FAE2E00CB21FA /* PBXTargetDependency */,
			);
			fileSystemSynchronizedGroups = (
				8F56BDBF2D6FAE2E00CB21FA /* KeyLockerUITests */,
			);
			name = KeyLockerUITests;
			packageProductDependencies = (
			);
			productName = KeyLockerUITests;
			productReference = 8F56BDBC2D6FAE2E00CB21FA /* KeyLockerUITests.xctest */;
			productType = "com.apple.product-type.bundle.ui-testing";
		};
/* End PBXNativeTarget section */

/* Begin PBXProject section */
		8F56BD9A2D6FAE2C00CB21FA /* Project object */ = {
			isa = PBXProject;
			attributes = {
				BuildIndependentTargetsInParallel = 1;
				LastSwiftUpdateCheck = 1620;
				LastUpgradeCheck = 1620;
				TargetAttributes = {
					8F56BDA12D6FAE2C00CB21FA = {
						CreatedOnToolsVersion = 16.2;
					};
					8F56BDB12D6FAE2E00CB21FA = {
						CreatedOnToolsVersion = 16.2;
						TestTargetID = 8F56BDA12D6FAE2C00CB21FA;
					};
					8F56BDBB2D6FAE2E00CB21FA = {
						CreatedOnToolsVersion = 16.2;
						TestTargetID = 8F56BDA12D6FAE2C00CB21FA;
					};
				};
			};
			buildConfigurationList = 8F56BD9D2D6FAE2C00CB21FA /* Build configuration list for PBXProject "KeyLocker" */;
			developmentRegion = en;
			hasScannedForEncodings = 0;
			knownRegions = (
				en,
				Base,
			);
			mainGroup = 8F56BD992D6FAE2C00CB21FA;
			minimizedProjectReferenceProxies = 1;
			preferredProjectObjectVersion = 77;
			productRefGroup = 8F56BDA32D6FAE2C00CB21FA /* Products */;
			projectDirPath = "";
			projectRoot = "";
			targets = (
				8F56BDA12D6FAE2C00CB21FA /* KeyLocker */,
				8F56BDB12D6FAE2E00CB21FA /* KeyLockerTests */,
				8F56BDBB2D6FAE2E00CB21FA /* KeyLockerUITests */,
			);
		};
/* End PBXProject section */

/* Begin PBXResourcesBuildPhase section */
		8F56BDA02D6FAE2C00CB21FA /* Resources */ = {
			isa = PBXResourcesBuildPhase;
			buildActionMask = 2147483647;
			files = (
			);
			runOnlyForDeploymentPostprocessing = 0;
		};
		8F56BDB02D6FAE2E00CB21FA /* Resources */ = {
			isa = PBXResourcesBuildPhase;
			buildActionMask = 2147483647;
			files = (
			);
			runOnlyForDeploymentPostprocessing = 0;
		};
		8F56BDBA2D6FAE2E00CB21FA /* Resources */ = {
			isa = PBXResourcesBuildPhase;
			buildActionMask = 2147483647;
			files = (
			);
			runOnlyForDeploymentPostprocessing = 0;
		};
/* End PBXResourcesBuildPhase section */

/* Begin PBXSourcesBuildPhase section */
		8F56BD9E2D6FAE2C00CB21FA /* Sources */ = {
			isa = PBXSourcesBuildPhase;
			buildActionMask = 2147483647;
			files = (
			);
			runOnlyForDeploymentPostprocessing = 0;
		};
		8F56BDAE2D6FAE2E00CB21FA /* Sources */ = {
			isa = PBXSourcesBuildPhase;
			buildActionMask = 2147483647;
			files = (
			);
			runOnlyForDeploymentPostprocessing = 0;
		};
		8F56BDB82D6FAE2E00CB21FA /* Sources */ = {
			isa = PBXSourcesBuildPhase;
			buildActionMask = 2147483647;
			files = (
			);
			runOnlyForDeploymentPostprocessing = 0;
		};
/* End PBXSourcesBuildPhase section */

/* Begin PBXTargetDependency section */
		8F56BDB42D6FAE2E00CB21FA /* PBXTargetDependency */ = {
			isa = PBXTargetDependency;
			target = 8F56BDA12D6FAE2C00CB21FA /* KeyLocker */;
			targetProxy = 8F56BDB32D6FAE2E00CB21FA /* PBXContainerItemProxy */;
		};
		8F56BDBE2D6FAE2E00CB21FA /* PBXTargetDependency */ = {
			isa = PBXTargetDependency;
			target = 8F56BDA12D6FAE2C00CB21FA /* KeyLocker */;
			targetProxy = 8F56BDBD2D6FAE2E00CB21FA /* PBXContainerItemProxy */;
		};
/* End PBXTargetDependency section */

/* Begin XCBuildConfiguration section */
		8F56BDC42D6FAE2E00CB21FA /* Debug */ = {
			isa = XCBuildConfiguration;
			buildSettings = {
				ALWAYS_SEARCH_USER_PATHS = NO;
				ASSETCATALOG_COMPILER_GENERATE_SWIFT_ASSET_SYMBOL_EXTENSIONS = YES;
				CLANG_ANALYZER_NONNULL = YES;
				CLANG_ANALYZER_NUMBER_OBJECT_CONVERSION = YES_AGGRESSIVE;
				CLANG_CXX_LANGUAGE_STANDARD = "gnu++20";
				CLANG_ENABLE_MODULES = YES;
				CLANG_ENABLE_OBJC_ARC = YES;
				CLANG_ENABLE_OBJC_WEAK = YES;
				CLANG_WARN_BLOCK_CAPTURE_AUTORELEASING = YES;
				CLANG_WARN_BOOL_CONVERSION = YES;
				CLANG_WARN_COMMA = YES;
				CLANG_WARN_CONSTANT_CONVERSION = YES;
				CLANG_WARN_DEPRECATED_OBJC_IMPLEMENTATIONS = YES;
				CLANG_WARN_DIRECT_OBJC_ISA_USAGE = YES_ERROR;
				CLANG_WARN_DOCUMENTATION_COMMENTS = YES;
				CLANG_WARN_EMPTY_BODY = YES;
				CLANG_WARN_ENUM_CONVERSION = YES;
				CLANG_WARN_INFINITE_RECURSION = YES;
				CLANG_WARN_INT_CONVERSION = YES;
				CLANG_WARN_NON_LITERAL_NULL_CONVERSION = YES;
				CLANG_WARN_OBJC_IMPLICIT_RETAIN_SELF = YES;
				CLANG_WARN_OBJC_LITERAL_CONVERSION = YES;
				CLANG_WARN_OBJC_ROOT_CLASS = YES_ERROR;
				CLANG_WARN_QUOTED_INCLUDE_IN_FRAMEWORK_HEADER = YES;
				CLANG_WARN_RANGE_LOOP_ANALYSIS = YES;
				CLANG_WARN_STRICT_PROTOTYPES = YES;
				CLANG_WARN_SUSPICIOUS_MOVE = YES;
				CLANG_WARN_UNGUARDED_AVAILABILITY = YES_AGGRESSIVE;
				CLANG_WARN_UNREACHABLE_CODE = YES;
				CLANG_WARN__DUPLICATE_METHOD_MATCH = YES;
				COPY_PHASE_STRIP = NO;
				DEBUG_INFORMATION_FORMAT = dwarf;
				ENABLE_STRICT_OBJC_MSGSEND = YES;
				ENABLE_TESTABILITY = YES;
				ENABLE_USER_SCRIPT_SANDBOXING = YES;
				GCC_C_LANGUAGE_STANDARD = gnu17;
				GCC_DYNAMIC_NO_PIC = NO;
				GCC_NO_COMMON_BLOCKS = YES;
				GCC_OPTIMIZATION_LEVEL = 0;
				GCC_PREPROCESSOR_DEFINITIONS = (
					"DEBUG=1",
					"$(inherited)",
				);
				GCC_WARN_64_TO_32_BIT_CONVERSION = YES;
				GCC_WARN_ABOUT_RETURN_TYPE = YES_ERROR;
				GCC_WARN_UNDECLARED_SELECTOR = YES;
				GCC_WARN_UNINITIALIZED_AUTOS = YES_AGGRESSIVE;
				GCC_WARN_UNUSED_FUNCTION = YES;
				GCC_WARN_UNUSED_VARIABLE = YES;
				IPHONEOS_DEPLOYMENT_TARGET = 18.2;
				LOCALIZATION_PREFERS_STRING_CATALOGS = YES;
				MTL_ENABLE_DEBUG_INFO = INCLUDE_SOURCE;
				MTL_FAST_MATH = YES;
				ONLY_ACTIVE_ARCH = YES;
				SDKROOT = iphoneos;
				SWIFT_ACTIVE_COMPILATION_CONDITIONS = "DEBUG $(inherited)";
				SWIFT_OPTIMIZATION_LEVEL = "-Onone";
			};
			name = Debug;
		};
		8F56BDC52D6FAE2E00CB21FA /* Release */ = {
			isa = XCBuildConfiguration;
			buildSettings = {
				ALWAYS_SEARCH_USER_PATHS = NO;
				ASSETCATALOG_COMPILER_GENERATE_SWIFT_ASSET_SYMBOL_EXTENSIONS = YES;
				CLANG_ANALYZER_NONNULL = YES;
				CLANG_ANALYZER_NUMBER_OBJECT_CONVERSION = YES_AGGRESSIVE;
				CLANG_CXX_LANGUAGE_STANDARD = "gnu++20";
				CLANG_ENABLE_MODULES = YES;
				CLANG_ENABLE_OBJC_ARC = YES;
				CLANG_ENABLE_OBJC_WEAK = YES;
				CLANG_WARN_BLOCK_CAPTURE_AUTORELEASING = YES;
				CLANG_WARN_BOOL_CONVERSION = YES;
				CLANG_WARN_COMMA = YES;
				CLANG_WARN_CONSTANT_CONVERSION = YES;
				CLANG_WARN_DEPRECATED_OBJC_IMPLEMENTATIONS = YES;
				CLANG_WARN_DIRECT_OBJC_ISA_USAGE = YES_ERROR;
				CLANG_WARN_DOCUMENTATION_COMMENTS = YES;
				CLANG_WARN_EMPTY_BODY = YES;
				CLANG_WARN_ENUM_CONVERSION = YES;
				CLANG_WARN_INFINITE_RECURSION = YES;
				CLANG_WARN_INT_CONVERSION = YES;
				CLANG_WARN_NON_LITERAL_NULL_CONVERSION = YES;
				CLANG_WARN_OBJC_IMPLICIT_RETAIN_SELF = YES;
				CLANG_WARN_OBJC_LITERAL_CONVERSION = YES;
				CLANG_WARN_OBJC_ROOT_CLASS = YES_ERROR;
				CLANG_WARN_QUOTED_INCLUDE_IN_FRAMEWORK_HEADER = YES;
				CLANG_WARN_RANGE_LOOP_ANALYSIS = YES;
				CLANG_WARN_STRICT_PROTOTYPES = YES;
				CLANG_WARN_SUSPICIOUS_MOVE = YES;
				CLANG_WARN_UNGUARDED_AVAILABILITY = YES_AGGRESSIVE;
				CLANG_WARN_UNREACHABLE_CODE = YES;
				CLANG_WARN__DUPLICATE_METHOD_MATCH = YES;
				COPY_PHASE_STRIP = NO;
				DEBUG_INFORMATION_FORMAT = "dwarf-with-dsym";
				ENABLE_NS_ASSERTIONS = NO;
				ENABLE_STRICT_OBJC_MSGSEND = YES;
				ENABLE_USER_SCRIPT_SANDBOXING = YES;
				GCC_C_LANGUAGE_STANDARD = gnu17;
				GCC_NO_COMMON_BLOCKS = YES;
				GCC_WARN_64_TO_32_BIT_CONVERSION = YES;
				GCC_WARN_ABOUT_RETURN_TYPE = YES_ERROR;
				GCC_WARN_UNDECLARED_SELECTOR = YES;
				GCC_WARN_UNINITIALIZED_AUTOS = YES_AGGRESSIVE;
				GCC_WARN_UNUSED_FUNCTION = YES;
				GCC_WARN_UNUSED_VARIABLE = YES;
				IPHONEOS_DEPLOYMENT_TARGET = 18.2;
				LOCALIZATION_PREFERS_STRING_CATALOGS = YES;
				MTL_ENABLE_DEBUG_INFO = NO;
				MTL_FAST_MATH = YES;
				SDKROOT = iphoneos;
				SWIFT_COMPILATION_MODE = wholemodule;
				VALIDATE_PRODUCT = YES;
			};
			name = Release;
		};
		8F56BDC72D6FAE2E00CB21FA /* Debug */ = {
			isa = XCBuildConfiguration;
			buildSettings = {
				ASSETCATALOG_COMPILER_APPICON_NAME = AppIcon;
				ASSETCATALOG_COMPILER_GLOBAL_ACCENT_COLOR_NAME = AccentColor;
				CODE_SIGN_STYLE = Automatic;
				CURRENT_PROJECT_VERSION = 1;
				DEVELOPMENT_ASSET_PATHS = "\"KeyLocker/Preview Content\"";
				ENABLE_PREVIEWS = YES;
				GENERATE_INFOPLIST_FILE = YES;
				INFOPLIST_KEY_UIApplicationSceneManifest_Generation = YES;
				INFOPLIST_KEY_UIApplicationSupportsIndirectInputEvents = YES;
				INFOPLIST_KEY_UILaunchScreen_Generation = YES;
				INFOPLIST_KEY_UISupportedInterfaceOrientations_iPad = "UIInterfaceOrientationPortrait UIInterfaceOrientationPortraitUpsideDown UIInterfaceOrientationLandscapeLeft UIInterfaceOrientationLandscapeRight";
				INFOPLIST_KEY_UISupportedInterfaceOrientations_iPhone = "UIInterfaceOrientationPortrait UIInterfaceOrientationLandscapeLeft UIInterfaceOrientationLandscapeRight";
				LD_RUNPATH_SEARCH_PATHS = (
					"$(inherited)",
					"@executable_path/Frameworks",
				);
				MARKETING_VERSION = 1.0;
				PRODUCT_BUNDLE_IDENTIFIER = ardondev.KeyLocker;
				PRODUCT_NAME = "$(TARGET_NAME)";
				SWIFT_EMIT_LOC_STRINGS = YES;
				SWIFT_VERSION = 5.0;
				TARGETED_DEVICE_FAMILY = "1,2";
			};
			name = Debug;
		};
		8F56BDC82D6FAE2E00CB21FA /* Release */ = {
			isa = XCBuildConfiguration;
			buildSettings = {
				ASSETCATALOG_COMPILER_APPICON_NAME = AppIcon;
				ASSETCATALOG_COMPILER_GLOBAL_ACCENT_COLOR_NAME = AccentColor;
				CODE_SIGN_STYLE = Automatic;
				CURRENT_PROJECT_VERSION = 1;
				DEVELOPMENT_ASSET_PATHS = "\"KeyLocker/Preview Content\"";
				ENABLE_PREVIEWS = YES;
				GENERATE_INFOPLIST_FILE = YES;
				INFOPLIST_KEY_UIApplicationSceneManifest_Generation = YES;
				INFOPLIST_KEY_UIApplicationSupportsIndirectInputEvents = YES;
				INFOPLIST_KEY_UILaunchScreen_Generation = YES;
				INFOPLIST_KEY_UISupportedInterfaceOrientations_iPad = "UIInterfaceOrientationPortrait UIInterfaceOrientationPortraitUpsideDown UIInterfaceOrientationLandscapeLeft UIInterfaceOrientationLandscapeRight";
				INFOPLIST_KEY_UISupportedInterfaceOrientations_iPhone = "UIInterfaceOrientationPortrait UIInterfaceOrientationLandscapeLeft UIInterfaceOrientationLandscapeRight";
				LD_RUNPATH_SEARCH_PATHS = (
					"$(inherited)",
					"@executable_path/Frameworks",
				);
				MARKETING_VERSION = 1.0;
				PRODUCT_BUNDLE_IDENTIFIER = ardondev.KeyLocker;
				PRODUCT_NAME = "$(TARGET_NAME)";
				SWIFT_EMIT_LOC_STRINGS = YES;
				SWIFT_VERSION = 5.0;
				TARGETED_DEVICE_FAMILY = "1,2";
			};
			name = Release;
		};
		8F56BDCA2D6FAE2E00CB21FA /* Debug */ = {
			isa = XCBuildConfiguration;
			buildSettings = {
				BUNDLE_LOADER = "$(TEST_HOST)";
				CODE_SIGN_STYLE = Automatic;
				CURRENT_PROJECT_VERSION = 1;
				GENERATE_INFOPLIST_FILE = YES;
				IPHONEOS_DEPLOYMENT_TARGET = 18.2;
				MARKETING_VERSION = 1.0;
				PRODUCT_BUNDLE_IDENTIFIER = ardondev.KeyLockerTests;
				PRODUCT_NAME = "$(TARGET_NAME)";
				SWIFT_EMIT_LOC_STRINGS = NO;
				SWIFT_VERSION = 5.0;
				TARGETED_DEVICE_FAMILY = "1,2";
				TEST_HOST = "$(BUILT_PRODUCTS_DIR)/KeyLocker.app/$(BUNDLE_EXECUTABLE_FOLDER_PATH)/KeyLocker";
			};
			name = Debug;
		};
		8F56BDCB2D6FAE2E00CB21FA /* Release */ = {
			isa = XCBuildConfiguration;
			buildSettings = {
				BUNDLE_LOADER = "$(TEST_HOST)";
				CODE_SIGN_STYLE = Automatic;
				CURRENT_PROJECT_VERSION = 1;
				GENERATE_INFOPLIST_FILE = YES;
				IPHONEOS_DEPLOYMENT_TARGET = 18.2;
				MARKETING_VERSION = 1.0;
				PRODUCT_BUNDLE_IDENTIFIER = ardondev.KeyLockerTests;
				PRODUCT_NAME = "$(TARGET_NAME)";
				SWIFT_EMIT_LOC_STRINGS = NO;
				SWIFT_VERSION = 5.0;
				TARGETED_DEVICE_FAMILY = "1,2";
				TEST_HOST = "$(BUILT_PRODUCTS_DIR)/KeyLocker.app/$(BUNDLE_EXECUTABLE_FOLDER_PATH)/KeyLocker";
			};
			name = Release;
		};
		8F56BDCD2D6FAE2E00CB21FA /* Debug */ = {
			isa = XCBuildConfiguration;
			buildSettings = {
				CODE_SIGN_STYLE = Automatic;
				CURRENT_PROJECT_VERSION = 1;
				GENERATE_INFOPLIST_FILE = YES;
				MARKETING_VERSION = 1.0;
				PRODUCT_BUNDLE_IDENTIFIER = ardondev.KeyLockerUITests;
				PRODUCT_NAME = "$(TARGET_NAME)";
				SWIFT_EMIT_LOC_STRINGS = NO;
				SWIFT_VERSION = 5.0;
				TARGETED_DEVICE_FAMILY = "1,2";
				TEST_TARGET_NAME = KeyLocker;
			};
			name = Debug;
		};
		8F56BDCE2D6FAE2E00CB21FA /* Release */ = {
			isa = XCBuildConfiguration;
			buildSettings = {
				CODE_SIGN_STYLE = Automatic;
				CURRENT_PROJECT_VERSION = 1;
				GENERATE_INFOPLIST_FILE = YES;
				MARKETING_VERSION = 1.0;
				PRODUCT_BUNDLE_IDENTIFIER = ardondev.KeyLockerUITests;
				PRODUCT_NAME = "$(TARGET_NAME)";
				SWIFT_EMIT_LOC_STRINGS = NO;
				SWIFT_VERSION = 5.0;
				TARGETED_DEVICE_FAMILY = "1,2";
				TEST_TARGET_NAME = KeyLocker;
			};
			name = Release;
		};
/* End XCBuildConfiguration section */

/* Begin XCConfigurationList section */
		8F56BD9D2D6FAE2C00CB21FA /* Build configuration list for PBXProject "KeyLocker" */ = {
			isa = XCConfigurationList;
			buildConfigurations = (
				8F56BDC42D6FAE2E00CB21FA /* Debug */,
				8F56BDC52D6FAE2E00CB21FA /* Release */,
			);
			defaultConfigurationIsVisible = 0;
			defaultConfigurationName = Release;
		};
		8F56BDC62D6FAE2E00CB21FA /* Build configuration list for PBXNativeTarget "KeyLocker" */ = {
			isa = XCConfigurationList;
			buildConfigurations = (
				8F56BDC72D6FAE2E00CB21FA /* Debug */,
				8F56BDC82D6FAE2E00CB21FA /* Release */,
			);
			defaultConfigurationIsVisible = 0;
			defaultConfigurationName = Release;
		};
		8F56BDC92D6FAE2E00CB21FA /* Build configuration list for PBXNativeTarget "KeyLockerTests" */ = {
			isa = XCConfigurationList;
			buildConfigurations = (
				8F56BDCA2D6FAE2E00CB21FA /* Debug */,
				8F56BDCB2D6FAE2E00CB21FA /* Release */,
			);
			defaultConfigurationIsVisible = 0;
			defaultConfigurationName = Release;
		};
		8F56BDCC2D6FAE2E00CB21FA /* Build configuration list for PBXNativeTarget "KeyLockerUITests" */ = {
			isa = XCConfigurationList;
			buildConfigurations = (
				8F56BDCD2D6FAE2E00CB21FA /* Debug */,
				8F56BDCE2D6FAE2E00CB21FA /* Release */,
			);
			defaultConfigurationIsVisible = 0;
			defaultConfigurationName = Release;
		};
/* End XCConfigurationList section */
	};
	rootObject = 8F56BD9A2D6FAE2C00CB21FA /* Project object */;
}
